
Microsoft Visual Studio Solution File, Format Version 12.00
# Visual Studio 2013
VisualStudioVersion = 12.0.40629.0
MinimumVisualStudioVersion = 10.0.40219.1
Project("{FAE04EC0-301F-11D3-BF4B-00C04F79EFBC}") = "ConcurrentCollections", "ConcurrentCollections\ConcurrentCollections.csproj", "{E8DEF76F-AD5D-4465-88C4-46FFA665EC97}"
EndProject
Project("{2150E333-8FDC-42A3-9474-1A3956D46DE8}") = "Solution Items", "Solution Items", "{A3E5B3B1-B645-42C1-930D-3B3C88108B14}"
	ProjectSection(SolutionItems) = preProject
		LICENSE.md = LICENSE.md
		README.md = README.md
	EndProjectSection
EndProject
Project("{FAE04EC0-301F-11D3-BF4B-00C04F79EFBC}") = "BuyAndSell", "BuyAndSell\BuyAndSell.csproj", "{D9B9DEFE-6462-481C-95A7-62E96C22747E}"
EndProject
Project("{FAE04EC0-301F-11D3-BF4B-00C04F79EFBC}") = "ConcurrentQueueDemo", "ConcurrentQueueDemo\ConcurrentQueueDemo.csproj", "{ACDE13D2-7A31-4E9A-8736-C8ED5188E43A}"
EndProject
Global
	GlobalSection(SolutionConfigurationPlatforms) = preSolution
		Debug|Any CPU = Debug|Any CPU
		Release|Any CPU = Release|Any CPU
	EndGlobalSection
	GlobalSection(ProjectConfigurationPlatforms) = postSolution
		{E8DEF76F-AD5D-4465-88C4-46FFA665EC97}.Debug|Any CPU.ActiveCfg = Debug|Any CPU
		{E8DEF76F-AD5D-4465-88C4-46FFA665EC97}.Debug|Any CPU.Build.0 = Debug|Any CPU
		{E8DEF76F-AD5D-4465-88C4-46FFA665EC97}.Release|Any CPU.ActiveCfg = Release|Any CPU
		{E8DEF76F-AD5D-4465-88C4-46FFA665EC97}.Release|Any CPU.Build.0 = Release|Any CPU
		{D9B9DEFE-6462-481C-95A7-62E96C22747E}.Debug|Any CPU.ActiveCfg = Debug|Any CPU
		{D9B9DEFE-6462-481C-95A7-62E96C22747E}.Debug|Any CPU.Build.0 = Debug|Any CPU
		{D9B9DEFE-6462-481C-95A7-62E96C22747E}.Release|Any CPU.ActiveCfg = Release|Any CPU
		{D9B9DEFE-6462-481C-95A7-62E96C22747E}.Release|Any CPU.Build.0 = Release|Any CPU
		{ACDE13D2-7A31-4E9A-8736-C8ED5188E43A}.Debug|Any CPU.ActiveCfg = Debug|Any CPU
		{ACDE13D2-7A31-4E9A-8736-C8ED5188E43A}.Debug|Any CPU.Build.0 = Debug|Any CPU
		{ACDE13D2-7A31-4E9A-8736-C8ED5188E43A}.Release|Any CPU.ActiveCfg = Release|Any CPU
		{ACDE13D2-7A31-4E9A-8736-C8ED5188E43A}.Release|Any CPU.Build.0 = Release|Any CPU
	EndGlobalSection
	GlobalSection(SolutionProperties) = preSolution
		HideSolutionNode = FALSE
	EndGlobalSection
EndGlobal
